{
  "name": "node_tutorials",
  "version": "1.0.0",
  "lockfileVersion": 3,
  "requires": true,
  "packages": {
    "": {
      "name": "node_tutorials",
      "version": "1.0.0",
      "license": "ISC",
      "dependencies": {
        "@cloudamqp/amqp-client": "^2.1.1",
        "dotenv": "^16.0.3"
      }
    },
    "node_modules/@cloudamqp/amqp-client": {
      "version": "2.1.1",
      "resolved": "https://registry.npmjs.org/@cloudamqp/amqp-client/-/amqp-client-2.1.1.tgz",
      "integrity": "sha512-u4nOBfpBTEiohQ/ThJVLmHx+G7mUt1aTXsLqhGVZAnTnA1AZpq/ja1Lhx7equRuE48AhQKS/UDQpV+7grLEF4Q==",
      "engines": {
        "node": ">=12.0.0"
      }
    },
    "node_modules/dotenv": {
      "version": "16.0.3",
      "resolved": "https://registry.npmjs.org/dotenv/-/dotenv-16.0.3.tgz",
      "integrity": "sha512-7GO6HghkA5fYG9TYnNxi14/7K9f5occMlp3zXAuSxn7CKCxt9xbNWG7yF8hTCSUchlfWSe3uLmlPfigevRItzQ==",
      "engines": {
        "node": ">=12"
      }
    }
  }
}
